
Microsoft Visual Studio Solution File, Format Version 12.00
# Visual Studio 2012
Project("{8BC9CEB8-8B4A-11D0-8D11-00A0C91BC942}") = "SPASM", "SPASM\SPASM.vcxproj", "{106FF797-6997-43F1-88E3-7D6C0D8A6F3F}"
EndProject
Global
	GlobalSection(SolutionConfigurationPlatforms) = preSolution
		Debug|Win32 = Debug|Win32
		Debug|Win64 = Debug|Win64
		Debug-COM-ATL|Win32 = Debug-COM-ATL|Win32
		Debug-COM-ATL|Win64 = Debug-COM-ATL|Win64
		Release|Win32 = Release|Win32
		Release|Win64 = Release|Win64
		Release-COM-ATL|Win32 = Release-COM-ATL|Win32
		Release-COM-ATL|Win64 = Release-COM-ATL|Win64
	EndGlobalSection
	GlobalSection(ProjectConfigurationPlatforms) = postSolution
		{106FF797-6997-43F1-88E3-7D6C0D8A6F3F}.Debug|Win32.ActiveCfg = Debug|Win32
		{106FF797-6997-43F1-88E3-7D6C0D8A6F3F}.Debug|Win32.Build.0 = Debug|Win32
		{106FF797-6997-43F1-88E3-7D6C0D8A6F3F}.Debug|Win64.ActiveCfg = Debug|x64
		{106FF797-6997-43F1-88E3-7D6C0D8A6F3F}.Debug|Win64.Build.0 = Debug|x64
		{106FF797-6997-43F1-88E3-7D6C0D8A6F3F}.Debug-COM-ATL|Win32.ActiveCfg = Debug-COM-ATL|Win32
		{106FF797-6997-43F1-88E3-7D6C0D8A6F3F}.Debug-COM-ATL|Win32.Build.0 = Debug-COM-ATL|Win32
		{106FF797-6997-43F1-88E3-7D6C0D8A6F3F}.Debug-COM-ATL|Win64.ActiveCfg = Debug-COM-ATL|x64
		{106FF797-6997-43F1-88E3-7D6C0D8A6F3F}.Debug-COM-ATL|Win64.Build.0 = Debug-COM-ATL|x64
		{106FF797-6997-43F1-88E3-7D6C0D8A6F3F}.Release|Win32.ActiveCfg = Release|Win32
		{106FF797-6997-43F1-88E3-7D6C0D8A6F3F}.Release|Win32.Build.0 = Release|Win32
		{106FF797-6997-43F1-88E3-7D6C0D8A6F3F}.Release|Win64.ActiveCfg = Release|x64
		{106FF797-6997-43F1-88E3-7D6C0D8A6F3F}.Release|Win64.Build.0 = Release|x64
		{106FF797-6997-43F1-88E3-7D6C0D8A6F3F}.Release-COM-ATL|Win32.ActiveCfg = Release-COM-ATL|Win32
		{106FF797-6997-43F1-88E3-7D6C0D8A6F3F}.Release-COM-ATL|Win32.Build.0 = Release-COM-ATL|Win32
		{106FF797-6997-43F1-88E3-7D6C0D8A6F3F}.Release-COM-ATL|Win64.ActiveCfg = Release-COM-ATL|x64
		{106FF797-6997-43F1-88E3-7D6C0D8A6F3F}.Release-COM-ATL|Win64.Build.0 = Release-COM-ATL|x64
	EndGlobalSection
	GlobalSection(SolutionProperties) = preSolution
		HideSolutionNode = FALSE
	EndGlobalSection
EndGlobal
